
Microsoft Visual Studio Solution File, Format Version 12.00
# Visual Studio Version 17
VisualStudioVersion = 17.7.34024.191
MinimumVisualStudioVersion = 10.0.40219.1
Project("{FAE04EC0-301F-11D3-BF4B-00C04F79EFBC}") = "WebApplicationWithDB", "WebApplicationWithDB\WebApplicationWithDB.csproj", "{92B90AD3-6A18-40A2-A1A3-5690270360D4}"
EndProject
Global
	GlobalSection(SolutionConfigurationPlatforms) = preSolution
		Debug|Any CPU = Debug|Any CPU
		Release|Any CPU = Release|Any CPU
	EndGlobalSection
	GlobalSection(ProjectConfigurationPlatforms) = postSolution
		{92B90AD3-6A18-40A2-A1A3-5690270360D4}.Debug|Any CPU.ActiveCfg = Debug|Any CPU
		{92B90AD3-6A18-40A2-A1A3-5690270360D4}.Debug|Any CPU.Build.0 = Debug|Any CPU
		{92B90AD3-6A18-40A2-A1A3-5690270360D4}.Release|Any CPU.ActiveCfg = Release|Any CPU
		{92B90AD3-6A18-40A2-A1A3-5690270360D4}.Release|Any CPU.Build.0 = Release|Any CPU
	EndGlobalSection
	GlobalSection(SolutionProperties) = preSolution
		HideSolutionNode = FALSE
	EndGlobalSection
	GlobalSection(ExtensibilityGlobals) = postSolution
		SolutionGuid = {51F6FCA9-A217-481C-8E6E-CCD2C5A55D7C}
	EndGlobalSection
EndGlobal
